# This file is automatically @generated by Poetry 1.6.1 and should not be changed by hand.

[[package]]
name = "cowsay"
version = "6.1"
description = "The famous cowsay for GNU/Linux is now available for python"
optional = false
python-versions = ">=3.8"
files = [
    {file = "cowsay-6.1-py3-none-any.whl", hash = "sha256:274b1e6fc1b966d53976333eb90ac94cb07a450a700b455af9fbdf882244b30a"},
]

[[package]]
name = "python-decouple"
version = "3.8"
description = "Strict separation of settings from code."
optional = false
python-versions = "*"
files = [
    {file = "python-decouple-3.8.tar.gz", hash = "sha256:ba6e2657d4f376ecc46f77a3a615e058d93ba5e465c01bbe57289bfb7cce680f"},
    {file = "python_decouple-3.8-py3-none-any.whl", hash = "sha256:d0d45340815b25f4de59c974b855bb38d03151d81b037d9e3f463b0c9f8cbd66"},
]

[metadata]
lock-version = "2.0"
python-versions = "^3.10"
content-hash = "faf2750be9cea77856bd2f2af420f5982c83968a74b79fd5f1b6cbf90de4fea4"
